// !$*UTF8*$!
{
	archiveVersion = 1;
	classes = {
	};
	objectVersion = 60;
	objects = {

/* Begin PBXBuildFile section */
		881E55832D5FBC9300A423D8 /* AppDelegate.swift in Sources */ = {isa = PBXBuildFile; fileRef = 881E55822D5FBC9300A423D8 /* AppDelegate.swift */; };
		881E55852D5FBC9400A423D8 /* SceneDelegate.swift in Sources */ = {isa = PBXBuildFile; fileRef = 881E55842D5FBC9400A423D8 /* SceneDelegate.swift */; };
		881E55872D5FBC9400A423D8 /* ViewController.swift in Sources */ = {isa = PBXBuildFile; fileRef = 881E55862D5FBC9400A423D8 /* ViewController.swift */; };
		881E558C2D5FBC9500A423D8 /* Assets.xcassets in Resources */ = {isa = PBXBuildFile; fileRef = 881E558B2D5FBC9500A423D8 /* Assets.xcassets */; };
		881E558F2D5FBC9500A423D8 /* Base in Resources */ = {isa = PBXBuildFile; fileRef = 881E558E2D5FBC9500A423D8 /* Base */; };
		881E55992D5FC96500A423D8 /* Models in Resources */ = {isa = PBXBuildFile; fileRef = 881E55982D5FC96500A423D8 /* Models */; };
		881E559F2D5FD16000A423D8 /* StudentListTableViewController.swift in Sources */ = {isa = PBXBuildFile; fileRef = 881E559E2D5FD16000A423D8 /* StudentListTableViewController.swift */; };
/* End PBXBuildFile section */

/* Begin PBXFileReference section */
		881E557F2D5FBC9300A423D8 /* week6.app */ = {isa = PBXFileReference; explicitFileType = wrapper.application; includeInIndex = 0; path = week6.app; sourceTree = BUILT_PRODUCTS_DIR; };
		881E55822D5FBC9300A423D8 /* AppDelegate.swift */ = {isa = PBXFileReference; lastKnownFileType = sourcecode.swift; path = AppDelegate.swift; sourceTree = "<group>"; };
		881E55842D5FBC9400A423D8 /* SceneDelegate.swift */ = {isa = PBXFileReference; lastKnownFileType = sourcecode.swift; path = SceneDelegate.swift; sourceTree = "<group>"; };
		881E55862D5FBC9400A423D8 /* ViewController.swift */ = {isa = PBXFileReference; lastKnownFileType = sourcecode.swift; path = ViewController.swift; sourceTree = "<group>"; };
		881E558B2D5FBC9500A423D8 /* Assets.xcassets */ = {isa = PBXFileReference; lastKnownFileType = folder.assetcatalog; path = Assets.xcassets; sourceTree = "<group>"; };
		881E558E2D5FBC9500A423D8 /* Base */ = {isa = PBXFileReference; lastKnownFileType = file.storyboard; name = Base; path = Base.lproj/LaunchScreen.storyboard; sourceTree = "<group>"; };
		881E55902D5FBC9500A423D8 /* Info.plist */ = {isa = PBXFileReference; lastKnownFileType = text.plist.xml; path = Info.plist; sourceTree = "<group>"; };
		881E55982D5FC96500A423D8 /* Models */ = {isa = PBXFileReference; lastKnownFileType = text; path = Models; sourceTree = "<group>"; };
		881E559B2D5FCEFE00A423D8 /* Base */ = {isa = PBXFileReference; lastKnownFileType = file.storyboard; name = Base; path = Base.lproj/Main.storyboard; sourceTree = "<group>"; };
		881E559D2D5FCEFE00A423D8 /* mul */ = {isa = PBXFileReference; lastKnownFileType = text.json.xcstrings; name = mul; path = mul.lproj/Main.xcstrings; sourceTree = "<group>"; };
		881E559E2D5FD16000A423D8 /* StudentListTableViewController.swift */ = {isa = PBXFileReference; lastKnownFileType = sourcecode.swift; path = StudentListTableViewController.swift; sourceTree = "<group>"; };
/* End PBXFileReference section */

/* Begin PBXFrameworksBuildPhase section */
		881E557C2D5FBC9300A423D8 /* Frameworks */ = {
			isa = PBXFrameworksBuildPhase;
			buildActionMask = 2147483647;
			files = (
			);
			runOnlyForDeploymentPostprocessing = 0;
		};
/* End PBXFrameworksBuildPhase section */

/* Begin PBXGroup section */
		881E55762D5FBC9300A423D8 = {
			isa = PBXGroup;
			children = (
				881E55812D5FBC9300A423D8 /* week6 */,
				881E55802D5FBC9300A423D8 /* Products */,
			);
			sourceTree = "<group>";
		};
		881E55802D5FBC9300A423D8 /* Products */ = {
			isa = PBXGroup;
			children = (
				881E557F2D5FBC9300A423D8 /* week6.app */,
			);
			name = Products;
			sourceTree = "<group>";
		};
		881E55812D5FBC9300A423D8 /* week6 */ = {
			isa = PBXGroup;
			children = (
				881E55822D5FBC9300A423D8 /* AppDelegate.swift */,
				881E55842D5FBC9400A423D8 /* SceneDelegate.swift */,
				881E55862D5FBC9400A423D8 /* ViewController.swift */,
				881E559C2D5FCEFE00A423D8 /* Main.storyboard */,
				881E558B2D5FBC9500A423D8 /* Assets.xcassets */,
				881E558D2D5FBC9500A423D8 /* LaunchScreen.storyboard */,
				881E55902D5FBC9500A423D8 /* Info.plist */,
				881E55982D5FC96500A423D8 /* Models */,
				881E559E2D5FD16000A423D8 /* StudentListTableViewController.swift */,
			);
			path = week6;
			sourceTree = "<group>";
		};
/* End PBXGroup section */

/* Begin PBXNativeTarget section */
		881E557E2D5FBC9300A423D8 /* week6 */ = {
			isa = PBXNativeTarget;
			buildConfigurationList = 881E55932D5FBC9500A423D8 /* Build configuration list for PBXNativeTarget "week6" */;
			buildPhases = (
				881E557B2D5FBC9300A423D8 /* Sources */,
				881E557C2D5FBC9300A423D8 /* Frameworks */,
				881E557D2D5FBC9300A423D8 /* Resources */,
			);
			buildRules = (
			);
			dependencies = (
			);
			name = week6;
			productName = week6;
			productReference = 881E557F2D5FBC9300A423D8 /* week6.app */;
			productType = "com.apple.product-type.application";
		};
/* End PBXNativeTarget section */

/* Begin PBXProject section */
		881E55772D5FBC9300A423D8 /* Project object */ = {
			isa = PBXProject;
			attributes = {
				BuildIndependentTargetsInParallel = 1;
				LastSwiftUpdateCheck = 1540;
				LastUpgradeCheck = 1540;
				TargetAttributes = {
					881E557E2D5FBC9300A423D8 = {
						CreatedOnToolsVersion = 15.4;
					};
				};
			};
			buildConfigurationList = 881E557A2D5FBC9300A423D8 /* Build configuration list for PBXProject "week6" */;
			compatibilityVersion = "Xcode 14.0";
			developmentRegion = en;
			hasScannedForEncodings = 0;
			knownRegions = (
				en,
				Base,
			);
			mainGroup = 881E55762D5FBC9300A423D8;
			productRefGroup = 881E55802D5FBC9300A423D8 /* Products */;
			projectDirPath = "";
			projectRoot = "";
			targets = (
				881E557E2D5FBC9300A423D8 /* week6 */,
			);
		};
/* End PBXProject section */

/* Begin PBXResourcesBuildPhase section */
		881E557D2D5FBC9300A423D8 /* Resources */ = {
			isa = PBXResourcesBuildPhase;
			buildActionMask = 2147483647;
			files = (
				881E558C2D5FBC9500A423D8 /* Assets.xcassets in Resources */,
				881E558F2D5FBC9500A423D8 /* Base in Resources */,
				881E55992D5FC96500A423D8 /* Models in Resources */,
			);
			runOnlyForDeploymentPostprocessing = 0;
		};
/* End PBXResourcesBuildPhase section */

/* Begin PBXSourcesBuildPhase section */
		881E557B2D5FBC9300A423D8 /* Sources */ = {
			isa = PBXSourcesBuildPhase;
			buildActionMask = 2147483647;
			files = (
				881E55872D5FBC9400A423D8 /* ViewController.swift in Sources */,
				881E559F2D5FD16000A423D8 /* StudentListTableViewController.swift in Sources */,
				881E55832D5FBC9300A423D8 /* AppDelegate.swift in Sources */,
				881E55852D5FBC9400A423D8 /* SceneDelegate.swift in Sources */,
			);
			runOnlyForDeploymentPostprocessing = 0;
		};
/* End PBXSourcesBuildPhase section */

/* Begin PBXVariantGroup section */
		881E558D2D5FBC9500A423D8 /* LaunchScreen.storyboard */ = {
			isa = PBXVariantGroup;
			children = (
				881E558E2D5FBC9500A423D8 /* Base */,
			);
			name = LaunchScreen.storyboard;
			sourceTree = "<group>";
		};
		881E559C2D5FCEFE00A423D8 /* Main.storyboard */ = {
			isa = PBXVariantGroup;
			children = (
				881E559B2D5FCEFE00A423D8 /* Base */,
				881E559D2D5FCEFE00A423D8 /* mul */,
			);
			name = Main.storyboard;
			sourceTree = "<group>";
		};
/* End PBXVariantGroup section */

/* Begin XCBuildConfiguration section */
		881E55912D5FBC9500A423D8 /* Debug */ = {
			isa = XCBuildConfiguration;
			buildSettings = {
				ALWAYS_SEARCH_USER_PATHS = NO;
				ASSETCATALOG_COMPILER_GENERATE_SWIFT_ASSET_SYMBOL_EXTENSIONS = YES;
				CLANG_ANALYZER_NONNULL = YES;
				CLANG_ANALYZER_NUMBER_OBJECT_CONVERSION = YES_AGGRESSIVE;
				CLANG_CXX_LANGUAGE_STANDARD = "gnu++20";
				CLANG_ENABLE_MODULES = YES;
				CLANG_ENABLE_OBJC_ARC = YES;
				CLANG_ENABLE_OBJC_WEAK = YES;
				CLANG_WARN_BLOCK_CAPTURE_AUTORELEASING = YES;
				CLANG_WARN_BOOL_CONVERSION = YES;
				CLANG_WARN_COMMA = YES;
				CLANG_WARN_CONSTANT_CONVERSION = YES;
				CLANG_WARN_DEPRECATED_OBJC_IMPLEMENTATIONS = YES;
				CLANG_WARN_DIRECT_OBJC_ISA_USAGE = YES_ERROR;
				CLANG_WARN_DOCUMENTATION_COMMENTS = YES;
				CLANG_WARN_EMPTY_BODY = YES;
				CLANG_WARN_ENUM_CONVERSION = YES;
				CLANG_WARN_INFINITE_RECURSION = YES;
				CLANG_WARN_INT_CONVERSION = YES;
				CLANG_WARN_NON_LITERAL_NULL_CONVERSION = YES;
				CLANG_WARN_OBJC_IMPLICIT_RETAIN_SELF = YES;
				CLANG_WARN_OBJC_LITERAL_CONVERSION = YES;
				CLANG_WARN_OBJC_ROOT_CLASS = YES_ERROR;
				CLANG_WARN_QUOTED_INCLUDE_IN_FRAMEWORK_HEADER = YES;
				CLANG_WARN_RANGE_LOOP_ANALYSIS = YES;
				CLANG_WARN_STRICT_PROTOTYPES = YES;
				CLANG_WARN_SUSPICIOUS_MOVE = YES;
				CLANG_WARN_UNGUARDED_AVAILABILITY = YES_AGGRESSIVE;
				CLANG_WARN_UNREACHABLE_CODE = YES;
				CLANG_WARN__DUPLICATE_METHOD_MATCH = YES;
				COPY_PHASE_STRIP = NO;
				DEBUG_INFORMATION_FORMAT = dwarf;
				ENABLE_STRICT_OBJC_MSGSEND = YES;
				ENABLE_TESTABILITY = YES;
				ENABLE_USER_SCRIPT_SANDBOXING = YES;
				GCC_C_LANGUAGE_STANDARD = gnu17;
				GCC_DYNAMIC_NO_PIC = NO;
				GCC_NO_COMMON_BLOCKS = YES;
				GCC_OPTIMIZATION_LEVEL = 0;
				GCC_PREPROCESSOR_DEFINITIONS = (
					"DEBUG=1",
					"$(inherited)",
				);
				GCC_WARN_64_TO_32_BIT_CONVERSION = YES;
				GCC_WARN_ABOUT_RETURN_TYPE = YES_ERROR;
				GCC_WARN_UNDECLARED_SELECTOR = YES;
				GCC_WARN_UNINITIALIZED_AUTOS = YES_AGGRESSIVE;
				GCC_WARN_UNUSED_FUNCTION = YES;
				GCC_WARN_UNUSED_VARIABLE = YES;
				IPHONEOS_DEPLOYMENT_TARGET = 17.5;
				LOCALIZATION_PREFERS_STRING_CATALOGS = YES;
				MTL_ENABLE_DEBUG_INFO = INCLUDE_SOURCE;
				MTL_FAST_MATH = YES;
				ONLY_ACTIVE_ARCH = YES;
				SDKROOT = iphoneos;
				SWIFT_ACTIVE_COMPILATION_CONDITIONS = "DEBUG $(inherited)";
				SWIFT_OPTIMIZATION_LEVEL = "-Onone";
			};
			name = Debug;
		};
		881E55922D5FBC9500A423D8 /* Release */ = {
			isa = XCBuildConfiguration;
			buildSettings = {
				ALWAYS_SEARCH_USER_PATHS = NO;
				ASSETCATALOG_COMPILER_GENERATE_SWIFT_ASSET_SYMBOL_EXTENSIONS = YES;
				CLANG_ANALYZER_NONNULL = YES;
				CLANG_ANALYZER_NUMBER_OBJECT_CONVERSION = YES_AGGRESSIVE;
				CLANG_CXX_LANGUAGE_STANDARD = "gnu++20";
				CLANG_ENABLE_MODULES = YES;
				CLANG_ENABLE_OBJC_ARC = YES;
				CLANG_ENABLE_OBJC_WEAK = YES;
				CLANG_WARN_BLOCK_CAPTURE_AUTORELEASING = YES;
				CLANG_WARN_BOOL_CONVERSION = YES;
				CLANG_WARN_COMMA = YES;
				CLANG_WARN_CONSTANT_CONVERSION = YES;
				CLANG_WARN_DEPRECATED_OBJC_IMPLEMENTATIONS = YES;
				CLANG_WARN_DIRECT_OBJC_ISA_USAGE = YES_ERROR;
				CLANG_WARN_DOCUMENTATION_COMMENTS = YES;
				CLANG_WARN_EMPTY_BODY = YES;
				CLANG_WARN_ENUM_CONVERSION = YES;
				CLANG_WARN_INFINITE_RECURSION = YES;
				CLANG_WARN_INT_CONVERSION = YES;
				CLANG_WARN_NON_LITERAL_NULL_CONVERSION = YES;
				CLANG_WARN_OBJC_IMPLICIT_RETAIN_SELF = YES;
				CLANG_WARN_OBJC_LITERAL_CONVERSION = YES;
				CLANG_WARN_OBJC_ROOT_CLASS = YES_ERROR;
				CLANG_WARN_QUOTED_INCLUDE_IN_FRAMEWORK_HEADER = YES;
				CLANG_WARN_RANGE_LOOP_ANALYSIS = YES;
				CLANG_WARN_STRICT_PROTOTYPES = YES;
				CLANG_WARN_SUSPICIOUS_MOVE = YES;
				CLANG_WARN_UNGUARDED_AVAILABILITY = YES_AGGRESSIVE;
				CLANG_WARN_UNREACHABLE_CODE = YES;
				CLANG_WARN__DUPLICATE_METHOD_MATCH = YES;
				COPY_PHASE_STRIP = NO;
				DEBUG_INFORMATION_FORMAT = "dwarf-with-dsym";
				ENABLE_NS_ASSERTIONS = NO;
				ENABLE_STRICT_OBJC_MSGSEND = YES;
				ENABLE_USER_SCRIPT_SANDBOXING = YES;
				GCC_C_LANGUAGE_STANDARD = gnu17;
				GCC_NO_COMMON_BLOCKS = YES;
				GCC_WARN_64_TO_32_BIT_CONVERSION = YES;
				GCC_WARN_ABOUT_RETURN_TYPE = YES_ERROR;
				GCC_WARN_UNDECLARED_SELECTOR = YES;
				GCC_WARN_UNINITIALIZED_AUTOS = YES_AGGRESSIVE;
				GCC_WARN_UNUSED_FUNCTION = YES;
				GCC_WARN_UNUSED_VARIABLE = YES;
				IPHONEOS_DEPLOYMENT_TARGET = 17.5;
				LOCALIZATION_PREFERS_STRING_CATALOGS = YES;
				MTL_ENABLE_DEBUG_INFO = NO;
				MTL_FAST_MATH = YES;
				SDKROOT = iphoneos;
				SWIFT_COMPILATION_MODE = wholemodule;
				VALIDATE_PRODUCT = YES;
			};
			name = Release;
		};
		881E55942D5FBC9500A423D8 /* Debug */ = {
			isa = XCBuildConfiguration;
			buildSettings = {
				ASSETCATALOG_COMPILER_APPICON_NAME = AppIcon;
				ASSETCATALOG_COMPILER_GLOBAL_ACCENT_COLOR_NAME = AccentColor;
				CODE_SIGN_STYLE = Automatic;
				CURRENT_PROJECT_VERSION = 1;
				GENERATE_INFOPLIST_FILE = YES;
				INFOPLIST_FILE = week6/Info.plist;
				INFOPLIST_KEY_UIApplicationSupportsIndirectInputEvents = YES;
				INFOPLIST_KEY_UILaunchStoryboardName = LaunchScreen;
				INFOPLIST_KEY_UIMainStoryboardFile = Main;
				INFOPLIST_KEY_UISupportedInterfaceOrientations_iPad = "UIInterfaceOrientationPortrait UIInterfaceOrientationPortraitUpsideDown UIInterfaceOrientationLandscapeLeft UIInterfaceOrientationLandscapeRight";
				INFOPLIST_KEY_UISupportedInterfaceOrientations_iPhone = "UIInterfaceOrientationPortrait UIInterfaceOrientationLandscapeLeft UIInterfaceOrientationLandscapeRight";
				LD_RUNPATH_SEARCH_PATHS = (
					"$(inherited)",
					"@executable_path/Frameworks",
				);
				MARKETING_VERSION = 1.0;
				PRODUCT_BUNDLE_IDENTIFIER = com.humber.week6;
				PRODUCT_NAME = "$(TARGET_NAME)";
				SWIFT_EMIT_LOC_STRINGS = YES;
				SWIFT_VERSION = 5.0;
				TARGETED_DEVICE_FAMILY = "1,2";
			};
			name = Debug;
		};
		881E55952D5FBC9500A423D8 /* Release */ = {
			isa = XCBuildConfiguration;
			buildSettings = {
				ASSETCATALOG_COMPILER_APPICON_NAME = AppIcon;
				ASSETCATALOG_COMPILER_GLOBAL_ACCENT_COLOR_NAME = AccentColor;
				CODE_SIGN_STYLE = Automatic;
				CURRENT_PROJECT_VERSION = 1;
				GENERATE_INFOPLIST_FILE = YES;
				INFOPLIST_FILE = week6/Info.plist;
				INFOPLIST_KEY_UIApplicationSupportsIndirectInputEvents = YES;
				INFOPLIST_KEY_UILaunchStoryboardName = LaunchScreen;
				INFOPLIST_KEY_UIMainStoryboardFile = Main;
				INFOPLIST_KEY_UISupportedInterfaceOrientations_iPad = "UIInterfaceOrientationPortrait UIInterfaceOrientationPortraitUpsideDown UIInterfaceOrientationLandscapeLeft UIInterfaceOrientationLandscapeRight";
				INFOPLIST_KEY_UISupportedInterfaceOrientations_iPhone = "UIInterfaceOrientationPortrait UIInterfaceOrientationLandscapeLeft UIInterfaceOrientationLandscapeRight";
				LD_RUNPATH_SEARCH_PATHS = (
					"$(inherited)",
					"@executable_path/Frameworks",
				);
				MARKETING_VERSION = 1.0;
				PRODUCT_BUNDLE_IDENTIFIER = com.humber.week6;
				PRODUCT_NAME = "$(TARGET_NAME)";
				SWIFT_EMIT_LOC_STRINGS = YES;
				SWIFT_VERSION = 5.0;
				TARGETED_DEVICE_FAMILY = "1,2";
			};
			name = Release;
		};
/* End XCBuildConfiguration section */

/* Begin XCConfigurationList section */
		881E557A2D5FBC9300A423D8 /* Build configuration list for PBXProject "week6" */ = {
			isa = XCConfigurationList;
			buildConfigurations = (
				881E55912D5FBC9500A423D8 /* Debug */,
				881E55922D5FBC9500A423D8 /* Release */,
			);
			defaultConfigurationIsVisible = 0;
			defaultConfigurationName = Release;
		};
		881E55932D5FBC9500A423D8 /* Build configuration list for PBXNativeTarget "week6" */ = {
			isa = XCConfigurationList;
			buildConfigurations = (
				881E55942D5FBC9500A423D8 /* Debug */,
				881E55952D5FBC9500A423D8 /* Release */,
			);
			defaultConfigurationIsVisible = 0;
			defaultConfigurationName = Release;
		};
/* End XCConfigurationList section */
	};
	rootObject = 881E55772D5FBC9300A423D8 /* Project object */;
}
